
Microsoft Visual Studio Solution File, Format Version 12.00
# Visual Studio Version 16
VisualStudioVersion = 16.0.30406.217
MinimumVisualStudioVersion = 10.0.40219.1
Project("{8BC9CEB8-8B4A-11D0-8D11-00A0C91BC942}") = "TP_ATR", "TP_ATR.vcxproj", "{5407C5C8-F868-49E7-AFD9-655468F1A9D8}"
EndProject
Project("{8BC9CEB8-8B4A-11D0-8D11-00A0C91BC942}") = "ProcessoExibeDados", "..\ProcessoExibeDados\ProcessoExibeDados.vcxproj", "{8CA3B9BE-8AC2-4C76-BBC8-DBA594A6FDFA}"
EndProject
Project("{8BC9CEB8-8B4A-11D0-8D11-00A0C91BC942}") = "ProcessoExibeDefeitos", "..\ProcessoExibeDefeitos\ProcessoExibeDefeitos.vcxproj", "{E2336E63-9886-4AD1-A9AC-2340E7648987}"
EndProject
Global
	GlobalSection(SolutionConfigurationPlatforms) = preSolution
		Debug|x64 = Debug|x64
		Debug|x86 = Debug|x86
		Release|x64 = Release|x64
		Release|x86 = Release|x86
	EndGlobalSection
	GlobalSection(ProjectConfigurationPlatforms) = postSolution
		{5407C5C8-F868-49E7-AFD9-655468F1A9D8}.Debug|x64.ActiveCfg = Debug|x64
		{5407C5C8-F868-49E7-AFD9-655468F1A9D8}.Debug|x64.Build.0 = Debug|x64
		{5407C5C8-F868-49E7-AFD9-655468F1A9D8}.Debug|x86.ActiveCfg = Debug|Win32
		{5407C5C8-F868-49E7-AFD9-655468F1A9D8}.Debug|x86.Build.0 = Debug|Win32
		{5407C5C8-F868-49E7-AFD9-655468F1A9D8}.Release|x64.ActiveCfg = Release|x64
		{5407C5C8-F868-49E7-AFD9-655468F1A9D8}.Release|x64.Build.0 = Release|x64
		{5407C5C8-F868-49E7-AFD9-655468F1A9D8}.Release|x86.ActiveCfg = Release|Win32
		{5407C5C8-F868-49E7-AFD9-655468F1A9D8}.Release|x86.Build.0 = Release|Win32
		{8CA3B9BE-8AC2-4C76-BBC8-DBA594A6FDFA}.Debug|x64.ActiveCfg = Debug|x64
		{8CA3B9BE-8AC2-4C76-BBC8-DBA594A6FDFA}.Debug|x64.Build.0 = Debug|x64
		{8CA3B9BE-8AC2-4C76-BBC8-DBA594A6FDFA}.Debug|x86.ActiveCfg = Debug|Win32
		{8CA3B9BE-8AC2-4C76-BBC8-DBA594A6FDFA}.Debug|x86.Build.0 = Debug|Win32
		{8CA3B9BE-8AC2-4C76-BBC8-DBA594A6FDFA}.Release|x64.ActiveCfg = Release|x64
		{8CA3B9BE-8AC2-4C76-BBC8-DBA594A6FDFA}.Release|x64.Build.0 = Release|x64
		{8CA3B9BE-8AC2-4C76-BBC8-DBA594A6FDFA}.Release|x86.ActiveCfg = Release|Win32
		{8CA3B9BE-8AC2-4C76-BBC8-DBA594A6FDFA}.Release|x86.Build.0 = Release|Win32
		{E2336E63-9886-4AD1-A9AC-2340E7648987}.Debug|x64.ActiveCfg = Debug|x64
		{E2336E63-9886-4AD1-A9AC-2340E7648987}.Debug|x64.Build.0 = Debug|x64
		{E2336E63-9886-4AD1-A9AC-2340E7648987}.Debug|x86.ActiveCfg = Debug|Win32
		{E2336E63-9886-4AD1-A9AC-2340E7648987}.Debug|x86.Build.0 = Debug|Win32
		{E2336E63-9886-4AD1-A9AC-2340E7648987}.Release|x64.ActiveCfg = Release|x64
		{E2336E63-9886-4AD1-A9AC-2340E7648987}.Release|x64.Build.0 = Release|x64
		{E2336E63-9886-4AD1-A9AC-2340E7648987}.Release|x86.ActiveCfg = Release|Win32
		{E2336E63-9886-4AD1-A9AC-2340E7648987}.Release|x86.Build.0 = Release|Win32
	EndGlobalSection
	GlobalSection(SolutionProperties) = preSolution
		HideSolutionNode = FALSE
	EndGlobalSection
	GlobalSection(ExtensibilityGlobals) = postSolution
		SolutionGuid = {41CBE6F9-6B62-45FA-B160-0143517CBAD2}
	EndGlobalSection
EndGlobal
